
Microsoft Visual Studio Solution File, Format Version 12.00
# Visual Studio Version 16
VisualStudioVersion = 16.0.28803.202
MinimumVisualStudioVersion = 10.0.40219.1
Project("{FAE04EC0-301F-11D3-BF4B-00C04F79EFBC}") = "PublisherScheduler01Service", "PublisherScheduler01Service\PublisherScheduler01Service.csproj", "{209FA716-A7AD-4095-BD70-C8710FC66FA7}"
EndProject
Project("{FAE04EC0-301F-11D3-BF4B-00C04F79EFBC}") = "PublisherScheduler01Web", "PublisherScheduler01Web\PublisherScheduler01Web.csproj", "{C65B1338-DA30-407B-A095-1B25F5EAAE12}"
EndProject
Project("{FAE04EC0-301F-11D3-BF4B-00C04F79EFBC}") = "PublisherSchedulerIdentity", "PublisherSchedulerIdentity\PublisherSchedulerIdentity.csproj", "{02D2A9C5-5A2D-4EC1-AAA4-CFAAE86BC62F}"
EndProject
Project("{00D1A9C2-B5F0-4AF3-8072-F6C62B433612}") = "PublisherSchedulerSql", "PublisherSchedulerSql\PublisherSchedulerSql.sqlproj", "{36A958CC-51B3-477D-A12A-4205A4FCC87E}"
EndProject
Global
	GlobalSection(SolutionConfigurationPlatforms) = preSolution
		Debug|Any CPU = Debug|Any CPU
		Release|Any CPU = Release|Any CPU
	EndGlobalSection
	GlobalSection(ProjectConfigurationPlatforms) = postSolution
		{209FA716-A7AD-4095-BD70-C8710FC66FA7}.Debug|Any CPU.ActiveCfg = Debug|Any CPU
		{209FA716-A7AD-4095-BD70-C8710FC66FA7}.Debug|Any CPU.Build.0 = Debug|Any CPU
		{209FA716-A7AD-4095-BD70-C8710FC66FA7}.Release|Any CPU.ActiveCfg = Release|Any CPU
		{209FA716-A7AD-4095-BD70-C8710FC66FA7}.Release|Any CPU.Build.0 = Release|Any CPU
		{C65B1338-DA30-407B-A095-1B25F5EAAE12}.Debug|Any CPU.ActiveCfg = Debug|Any CPU
		{C65B1338-DA30-407B-A095-1B25F5EAAE12}.Debug|Any CPU.Build.0 = Debug|Any CPU
		{C65B1338-DA30-407B-A095-1B25F5EAAE12}.Release|Any CPU.ActiveCfg = Release|Any CPU
		{C65B1338-DA30-407B-A095-1B25F5EAAE12}.Release|Any CPU.Build.0 = Release|Any CPU
		{02D2A9C5-5A2D-4EC1-AAA4-CFAAE86BC62F}.Debug|Any CPU.ActiveCfg = Debug|Any CPU
		{02D2A9C5-5A2D-4EC1-AAA4-CFAAE86BC62F}.Debug|Any CPU.Build.0 = Debug|Any CPU
		{02D2A9C5-5A2D-4EC1-AAA4-CFAAE86BC62F}.Release|Any CPU.ActiveCfg = Release|Any CPU
		{02D2A9C5-5A2D-4EC1-AAA4-CFAAE86BC62F}.Release|Any CPU.Build.0 = Release|Any CPU
		{36A958CC-51B3-477D-A12A-4205A4FCC87E}.Debug|Any CPU.ActiveCfg = Debug|Any CPU
		{36A958CC-51B3-477D-A12A-4205A4FCC87E}.Debug|Any CPU.Build.0 = Debug|Any CPU
		{36A958CC-51B3-477D-A12A-4205A4FCC87E}.Debug|Any CPU.Deploy.0 = Debug|Any CPU
		{36A958CC-51B3-477D-A12A-4205A4FCC87E}.Release|Any CPU.ActiveCfg = Release|Any CPU
		{36A958CC-51B3-477D-A12A-4205A4FCC87E}.Release|Any CPU.Build.0 = Release|Any CPU
		{36A958CC-51B3-477D-A12A-4205A4FCC87E}.Release|Any CPU.Deploy.0 = Release|Any CPU
	EndGlobalSection
	GlobalSection(SolutionProperties) = preSolution
		HideSolutionNode = FALSE
	EndGlobalSection
	GlobalSection(ExtensibilityGlobals) = postSolution
		SolutionGuid = {80E87C46-3492-4BE3-845A-1CEB1832153D}
	EndGlobalSection
EndGlobal
